
Microsoft Visual Studio Solution File, Format Version 12.00
Project("{FAE04EC0-301F-11D3-BF4B-00C04F79EFBC}") = "Lesson_1", "Lesson_1\Lesson_1.csproj", "{EDBE72DC-B387-49E6-B512-C5F520235A50}"
EndProject
Project("{FAE04EC0-301F-11D3-BF4B-00C04F79EFBC}") = "Lesson_2_1", "Lesson_2_1\Lesson_2_1.csproj", "{7710F4C5-1F09-41E5-8F3F-0A1047031C65}"
EndProject
Project("{2150E333-8FDC-42A3-9474-1A3956D46DE8}") = "Lesson_2", "Lesson_2", "{C0827EA8-38C2-4974-867B-8211957EA200}"
EndProject
Project("{FAE04EC0-301F-11D3-BF4B-00C04F79EFBC}") = "Lesson_2_2", "Lesson_2_2\Lesson_2_2.csproj", "{18714516-067A-482D-BC95-B7FD61B9D282}"
EndProject
Project("{FAE04EC0-301F-11D3-BF4B-00C04F79EFBC}") = "Lesson_2_3", "Lesson_2_3\Lesson_2_3.csproj", "{8DC2ECB5-5770-4E37-9EA1-CC49503DEB1E}"
EndProject
Project("{FAE04EC0-301F-11D3-BF4B-00C04F79EFBC}") = "Lesson_2_4", "Lesson_2_4\Lesson_2_4.csproj", "{C901BB63-48FC-453D-A877-B163BB7843D8}"
EndProject
Project("{FAE04EC0-301F-11D3-BF4B-00C04F79EFBC}") = "Lesson_2_5", "Lesson_2_5\Lesson_2_5.csproj", "{D90D6905-544F-49CC-9B45-A764423C20D8}"
EndProject
Project("{FAE04EC0-301F-11D3-BF4B-00C04F79EFBC}") = "Lesson_2_6", "Lesson_2_6\Lesson_2_6.csproj", "{93A95DEC-ED7C-4497-9B2C-59186853D5A5}"
EndProject
Project("{2150E333-8FDC-42A3-9474-1A3956D46DE8}") = "Lesson_3", "Lesson_3", "{C99A6259-B5AA-4DFD-BD57-F7F80A15F927}"
EndProject
Project("{FAE04EC0-301F-11D3-BF4B-00C04F79EFBC}") = "Lesson_3_1", "Lesson_3_1\Lesson_3_1.csproj", "{1DE52981-9DFB-4B40-A6CB-777CC8C39297}"
EndProject
Project("{FAE04EC0-301F-11D3-BF4B-00C04F79EFBC}") = "Lesson_3_2", "Lesson_3_2\Lesson_3_2.csproj", "{50028DB9-980B-4DFF-92AE-DB791EF968DF}"
EndProject
Project("{2150E333-8FDC-42A3-9474-1A3956D46DE8}") = "Lesson_1", "Lesson_1", "{5453D79B-D896-4AE9-BD04-FFF9DB11DA65}"
EndProject
Project("{FAE04EC0-301F-11D3-BF4B-00C04F79EFBC}") = "Lesson_3_3", "Lesson_3_3\Lesson_3_3.csproj", "{4618FD89-792D-44A5-B278-2CCD10A022D7}"
EndProject
Project("{FAE04EC0-301F-11D3-BF4B-00C04F79EFBC}") = "Lesson_3_4", "Lesson_3_4\Lesson_3_4.csproj", "{1C039E1C-D9B6-4426-9C16-91C38E6B3461}"
EndProject
Project("{2150E333-8FDC-42A3-9474-1A3956D46DE8}") = "Lesson_4", "Lesson_4", "{37CE9645-A55A-450B-A239-9CB9261D72DB}"
EndProject
Project("{FAE04EC0-301F-11D3-BF4B-00C04F79EFBC}") = "Lesson_4_1", "Lesson_4_1\Lesson_4_1.csproj", "{9659CD22-EB97-4380-8894-76A12F6C1CC2}"
EndProject
Project("{FAE04EC0-301F-11D3-BF4B-00C04F79EFBC}") = "Lesson_4_2", "Lesson_4_2\Lesson_4_2.csproj", "{67EDCE4C-543B-4C94-81CA-891601FD1CB0}"
EndProject
Project("{FAE04EC0-301F-11D3-BF4B-00C04F79EFBC}") = "Lesson_4_3", "Lesson_4_3\Lesson_4_3.csproj", "{43D766E4-FD1D-4477-968A-1C43EA946686}"
EndProject
Project("{FAE04EC0-301F-11D3-BF4B-00C04F79EFBC}") = "Lesson_4_4", "Lesson_4_4\Lesson_4_4.csproj", "{EA0BC864-BC5A-41AA-BD3C-79B42514A358}"
EndProject
Global
	GlobalSection(SolutionConfigurationPlatforms) = preSolution
		Debug|Any CPU = Debug|Any CPU
		Release|Any CPU = Release|Any CPU
	EndGlobalSection
	GlobalSection(ProjectConfigurationPlatforms) = postSolution
		{EDBE72DC-B387-49E6-B512-C5F520235A50}.Debug|Any CPU.ActiveCfg = Debug|Any CPU
		{EDBE72DC-B387-49E6-B512-C5F520235A50}.Debug|Any CPU.Build.0 = Debug|Any CPU
		{EDBE72DC-B387-49E6-B512-C5F520235A50}.Release|Any CPU.ActiveCfg = Release|Any CPU
		{EDBE72DC-B387-49E6-B512-C5F520235A50}.Release|Any CPU.Build.0 = Release|Any CPU
		{7710F4C5-1F09-41E5-8F3F-0A1047031C65}.Debug|Any CPU.ActiveCfg = Debug|Any CPU
		{7710F4C5-1F09-41E5-8F3F-0A1047031C65}.Debug|Any CPU.Build.0 = Debug|Any CPU
		{7710F4C5-1F09-41E5-8F3F-0A1047031C65}.Release|Any CPU.ActiveCfg = Release|Any CPU
		{7710F4C5-1F09-41E5-8F3F-0A1047031C65}.Release|Any CPU.Build.0 = Release|Any CPU
		{18714516-067A-482D-BC95-B7FD61B9D282}.Debug|Any CPU.ActiveCfg = Debug|Any CPU
		{18714516-067A-482D-BC95-B7FD61B9D282}.Debug|Any CPU.Build.0 = Debug|Any CPU
		{18714516-067A-482D-BC95-B7FD61B9D282}.Release|Any CPU.ActiveCfg = Release|Any CPU
		{18714516-067A-482D-BC95-B7FD61B9D282}.Release|Any CPU.Build.0 = Release|Any CPU
		{8DC2ECB5-5770-4E37-9EA1-CC49503DEB1E}.Debug|Any CPU.ActiveCfg = Debug|Any CPU
		{8DC2ECB5-5770-4E37-9EA1-CC49503DEB1E}.Debug|Any CPU.Build.0 = Debug|Any CPU
		{8DC2ECB5-5770-4E37-9EA1-CC49503DEB1E}.Release|Any CPU.ActiveCfg = Release|Any CPU
		{8DC2ECB5-5770-4E37-9EA1-CC49503DEB1E}.Release|Any CPU.Build.0 = Release|Any CPU
		{C901BB63-48FC-453D-A877-B163BB7843D8}.Debug|Any CPU.ActiveCfg = Debug|Any CPU
		{C901BB63-48FC-453D-A877-B163BB7843D8}.Debug|Any CPU.Build.0 = Debug|Any CPU
		{C901BB63-48FC-453D-A877-B163BB7843D8}.Release|Any CPU.ActiveCfg = Release|Any CPU
		{C901BB63-48FC-453D-A877-B163BB7843D8}.Release|Any CPU.Build.0 = Release|Any CPU
		{D90D6905-544F-49CC-9B45-A764423C20D8}.Debug|Any CPU.ActiveCfg = Debug|Any CPU
		{D90D6905-544F-49CC-9B45-A764423C20D8}.Debug|Any CPU.Build.0 = Debug|Any CPU
		{D90D6905-544F-49CC-9B45-A764423C20D8}.Release|Any CPU.ActiveCfg = Release|Any CPU
		{D90D6905-544F-49CC-9B45-A764423C20D8}.Release|Any CPU.Build.0 = Release|Any CPU
		{93A95DEC-ED7C-4497-9B2C-59186853D5A5}.Debug|Any CPU.ActiveCfg = Debug|Any CPU
		{93A95DEC-ED7C-4497-9B2C-59186853D5A5}.Debug|Any CPU.Build.0 = Debug|Any CPU
		{93A95DEC-ED7C-4497-9B2C-59186853D5A5}.Release|Any CPU.ActiveCfg = Release|Any CPU
		{93A95DEC-ED7C-4497-9B2C-59186853D5A5}.Release|Any CPU.Build.0 = Release|Any CPU
		{1DE52981-9DFB-4B40-A6CB-777CC8C39297}.Debug|Any CPU.ActiveCfg = Debug|Any CPU
		{1DE52981-9DFB-4B40-A6CB-777CC8C39297}.Debug|Any CPU.Build.0 = Debug|Any CPU
		{1DE52981-9DFB-4B40-A6CB-777CC8C39297}.Release|Any CPU.ActiveCfg = Release|Any CPU
		{1DE52981-9DFB-4B40-A6CB-777CC8C39297}.Release|Any CPU.Build.0 = Release|Any CPU
		{50028DB9-980B-4DFF-92AE-DB791EF968DF}.Debug|Any CPU.ActiveCfg = Debug|Any CPU
		{50028DB9-980B-4DFF-92AE-DB791EF968DF}.Debug|Any CPU.Build.0 = Debug|Any CPU
		{50028DB9-980B-4DFF-92AE-DB791EF968DF}.Release|Any CPU.ActiveCfg = Release|Any CPU
		{50028DB9-980B-4DFF-92AE-DB791EF968DF}.Release|Any CPU.Build.0 = Release|Any CPU
		{4618FD89-792D-44A5-B278-2CCD10A022D7}.Debug|Any CPU.ActiveCfg = Debug|Any CPU
		{4618FD89-792D-44A5-B278-2CCD10A022D7}.Debug|Any CPU.Build.0 = Debug|Any CPU
		{4618FD89-792D-44A5-B278-2CCD10A022D7}.Release|Any CPU.ActiveCfg = Release|Any CPU
		{4618FD89-792D-44A5-B278-2CCD10A022D7}.Release|Any CPU.Build.0 = Release|Any CPU
		{1C039E1C-D9B6-4426-9C16-91C38E6B3461}.Debug|Any CPU.ActiveCfg = Debug|Any CPU
		{1C039E1C-D9B6-4426-9C16-91C38E6B3461}.Debug|Any CPU.Build.0 = Debug|Any CPU
		{1C039E1C-D9B6-4426-9C16-91C38E6B3461}.Release|Any CPU.ActiveCfg = Release|Any CPU
		{1C039E1C-D9B6-4426-9C16-91C38E6B3461}.Release|Any CPU.Build.0 = Release|Any CPU
		{9659CD22-EB97-4380-8894-76A12F6C1CC2}.Debug|Any CPU.ActiveCfg = Debug|Any CPU
		{9659CD22-EB97-4380-8894-76A12F6C1CC2}.Debug|Any CPU.Build.0 = Debug|Any CPU
		{9659CD22-EB97-4380-8894-76A12F6C1CC2}.Release|Any CPU.ActiveCfg = Release|Any CPU
		{9659CD22-EB97-4380-8894-76A12F6C1CC2}.Release|Any CPU.Build.0 = Release|Any CPU
		{67EDCE4C-543B-4C94-81CA-891601FD1CB0}.Debug|Any CPU.ActiveCfg = Debug|Any CPU
		{67EDCE4C-543B-4C94-81CA-891601FD1CB0}.Debug|Any CPU.Build.0 = Debug|Any CPU
		{67EDCE4C-543B-4C94-81CA-891601FD1CB0}.Release|Any CPU.ActiveCfg = Release|Any CPU
		{67EDCE4C-543B-4C94-81CA-891601FD1CB0}.Release|Any CPU.Build.0 = Release|Any CPU
		{43D766E4-FD1D-4477-968A-1C43EA946686}.Debug|Any CPU.ActiveCfg = Debug|Any CPU
		{43D766E4-FD1D-4477-968A-1C43EA946686}.Debug|Any CPU.Build.0 = Debug|Any CPU
		{43D766E4-FD1D-4477-968A-1C43EA946686}.Release|Any CPU.ActiveCfg = Release|Any CPU
		{43D766E4-FD1D-4477-968A-1C43EA946686}.Release|Any CPU.Build.0 = Release|Any CPU
		{EA0BC864-BC5A-41AA-BD3C-79B42514A358}.Debug|Any CPU.ActiveCfg = Debug|Any CPU
		{EA0BC864-BC5A-41AA-BD3C-79B42514A358}.Debug|Any CPU.Build.0 = Debug|Any CPU
		{EA0BC864-BC5A-41AA-BD3C-79B42514A358}.Release|Any CPU.ActiveCfg = Release|Any CPU
		{EA0BC864-BC5A-41AA-BD3C-79B42514A358}.Release|Any CPU.Build.0 = Release|Any CPU
	EndGlobalSection
	GlobalSection(NestedProjects) = preSolution
		{7710F4C5-1F09-41E5-8F3F-0A1047031C65} = {C0827EA8-38C2-4974-867B-8211957EA200}
		{18714516-067A-482D-BC95-B7FD61B9D282} = {C0827EA8-38C2-4974-867B-8211957EA200}
		{8DC2ECB5-5770-4E37-9EA1-CC49503DEB1E} = {C0827EA8-38C2-4974-867B-8211957EA200}
		{C901BB63-48FC-453D-A877-B163BB7843D8} = {C0827EA8-38C2-4974-867B-8211957EA200}
		{D90D6905-544F-49CC-9B45-A764423C20D8} = {C0827EA8-38C2-4974-867B-8211957EA200}
		{93A95DEC-ED7C-4497-9B2C-59186853D5A5} = {C0827EA8-38C2-4974-867B-8211957EA200}
		{1DE52981-9DFB-4B40-A6CB-777CC8C39297} = {C99A6259-B5AA-4DFD-BD57-F7F80A15F927}
		{50028DB9-980B-4DFF-92AE-DB791EF968DF} = {C99A6259-B5AA-4DFD-BD57-F7F80A15F927}
		{EDBE72DC-B387-49E6-B512-C5F520235A50} = {5453D79B-D896-4AE9-BD04-FFF9DB11DA65}
		{4618FD89-792D-44A5-B278-2CCD10A022D7} = {C99A6259-B5AA-4DFD-BD57-F7F80A15F927}
		{1C039E1C-D9B6-4426-9C16-91C38E6B3461} = {C99A6259-B5AA-4DFD-BD57-F7F80A15F927}
		{9659CD22-EB97-4380-8894-76A12F6C1CC2} = {37CE9645-A55A-450B-A239-9CB9261D72DB}
		{67EDCE4C-543B-4C94-81CA-891601FD1CB0} = {37CE9645-A55A-450B-A239-9CB9261D72DB}
		{43D766E4-FD1D-4477-968A-1C43EA946686} = {37CE9645-A55A-450B-A239-9CB9261D72DB}
		{EA0BC864-BC5A-41AA-BD3C-79B42514A358} = {37CE9645-A55A-450B-A239-9CB9261D72DB}
	EndGlobalSection
EndGlobal
