
Microsoft Visual Studio Solution File, Format Version 9.00
# Visual Studio 2005
Project("{FAE04EC0-301F-11D3-BF4B-00C04F79EFBC}") = "lesson_7_1", "Lesson_7_1_dotPeek.csproj", "{DA9609E5-EEAE-4C39-814B-B25CA766F1B7}"
EndProject
Global
	GlobalSection(SolutionConfigurationPlatforms) = preSolution
		Debug|Any CPU = Debug|Any CPU
		Release|Any CPU = Release|Any CPU
	EndGlobalSection
	GlobalSection(ProjectConfigurationPlatforms) = postSolution
		{DA9609E5-EEAE-4C39-814B-B25CA766F1B7}.Debug|Any CPU.ActiveCfg = Debug|Any CPU
		{DA9609E5-EEAE-4C39-814B-B25CA766F1B7}.Debug|Any CPU.Build.0 = Debug|Any CPU
		{DA9609E5-EEAE-4C39-814B-B25CA766F1B7}.Release|Any CPU.ActiveCfg = Release|Any CPU
		{DA9609E5-EEAE-4C39-814B-B25CA766F1B7}.Release|Any CPU.Build.0 = Release|Any CPU
	EndGlobalSection
	GlobalSection(SolutionProperties) = preSolution
		HideSolutionNode = FALSE
	EndGlobalSection
EndGlobal
